
Microsoft Visual Studio Solution File, Format Version 12.00
# Visual Studio Version 17
VisualStudioVersion = 17.7.34009.444
MinimumVisualStudioVersion = 10.0.40219.1
Project("{FAE04EC0-301F-11D3-BF4B-00C04F79EFBC}") = "bebas", "bebas.csproj", "{AC1110C7-083C-4974-A9AB-D8625E0A71A6}"
EndProject
Global
	GlobalSection(SolutionConfigurationPlatforms) = preSolution
		Debug|Any CPU = Debug|Any CPU
		Release|Any CPU = Release|Any CPU
	EndGlobalSection
	GlobalSection(ProjectConfigurationPlatforms) = postSolution
		{AC1110C7-083C-4974-A9AB-D8625E0A71A6}.Debug|Any CPU.ActiveCfg = Debug|Any CPU
		{AC1110C7-083C-4974-A9AB-D8625E0A71A6}.Debug|Any CPU.Build.0 = Debug|Any CPU
		{AC1110C7-083C-4974-A9AB-D8625E0A71A6}.Release|Any CPU.ActiveCfg = Release|Any CPU
		{AC1110C7-083C-4974-A9AB-D8625E0A71A6}.Release|Any CPU.Build.0 = Release|Any CPU
	EndGlobalSection
	GlobalSection(SolutionProperties) = preSolution
		HideSolutionNode = FALSE
	EndGlobalSection
	GlobalSection(ExtensibilityGlobals) = postSolution
		SolutionGuid = {F7EF2F78-B9B2-413D-A62F-C57090D279AE}
	EndGlobalSection
EndGlobal
